
Microsoft Visual Studio Solution File, Format Version 12.00
# Visual Studio Version 16
VisualStudioVersion = 16.0.32413.511
MinimumVisualStudioVersion = 10.0.40219.1
Project("{FAE04EC0-301F-11D3-BF4B-00C04F79EFBC}") = "Buscador", "Buscador.csproj", "{FC832F48-237A-4EA9-A661-9275AC2D715F}"
EndProject
Project("{FAE04EC0-301F-11D3-BF4B-00C04F79EFBC}") = "Projecto.Bussines", "..\Projecto.Bussines\Projecto.Bussines.csproj", "{13DF9122-13BC-43D4-81E2-ABDBCAD30615}"
EndProject
Project("{FAE04EC0-301F-11D3-BF4B-00C04F79EFBC}") = "Projecto.Data", "..\Projecto.Data\Projecto.Data.csproj", "{8660689D-24FC-4628-9622-9DF44200D417}"
EndProject
Project("{FAE04EC0-301F-11D3-BF4B-00C04F79EFBC}") = "Projecto.Objetos", "..\Projecto.Objetos\Projecto.Objetos.csproj", "{35CBC1F4-5DB8-4FB0-BE18-CC756829FE0E}"
EndProject
Project("{FAE04EC0-301F-11D3-BF4B-00C04F79EFBC}") = "Projecto.Data.Models", "..\Projecto.Data.Models\Projecto.Data.Models.csproj", "{52F3950D-ECBD-4184-BFB4-F9E062513979}"
EndProject
Global
	GlobalSection(SolutionConfigurationPlatforms) = preSolution
		Debug|Any CPU = Debug|Any CPU
		Release|Any CPU = Release|Any CPU
	EndGlobalSection
	GlobalSection(ProjectConfigurationPlatforms) = postSolution
		{FC832F48-237A-4EA9-A661-9275AC2D715F}.Debug|Any CPU.ActiveCfg = Debug|Any CPU
		{FC832F48-237A-4EA9-A661-9275AC2D715F}.Debug|Any CPU.Build.0 = Debug|Any CPU
		{FC832F48-237A-4EA9-A661-9275AC2D715F}.Release|Any CPU.ActiveCfg = Release|Any CPU
		{FC832F48-237A-4EA9-A661-9275AC2D715F}.Release|Any CPU.Build.0 = Release|Any CPU
		{13DF9122-13BC-43D4-81E2-ABDBCAD30615}.Debug|Any CPU.ActiveCfg = Debug|Any CPU
		{13DF9122-13BC-43D4-81E2-ABDBCAD30615}.Debug|Any CPU.Build.0 = Debug|Any CPU
		{13DF9122-13BC-43D4-81E2-ABDBCAD30615}.Release|Any CPU.ActiveCfg = Release|Any CPU
		{13DF9122-13BC-43D4-81E2-ABDBCAD30615}.Release|Any CPU.Build.0 = Release|Any CPU
		{8660689D-24FC-4628-9622-9DF44200D417}.Debug|Any CPU.ActiveCfg = Debug|Any CPU
		{8660689D-24FC-4628-9622-9DF44200D417}.Debug|Any CPU.Build.0 = Debug|Any CPU
		{8660689D-24FC-4628-9622-9DF44200D417}.Release|Any CPU.ActiveCfg = Release|Any CPU
		{8660689D-24FC-4628-9622-9DF44200D417}.Release|Any CPU.Build.0 = Release|Any CPU
		{35CBC1F4-5DB8-4FB0-BE18-CC756829FE0E}.Debug|Any CPU.ActiveCfg = Debug|Any CPU
		{35CBC1F4-5DB8-4FB0-BE18-CC756829FE0E}.Debug|Any CPU.Build.0 = Debug|Any CPU
		{35CBC1F4-5DB8-4FB0-BE18-CC756829FE0E}.Release|Any CPU.ActiveCfg = Release|Any CPU
		{35CBC1F4-5DB8-4FB0-BE18-CC756829FE0E}.Release|Any CPU.Build.0 = Release|Any CPU
		{52F3950D-ECBD-4184-BFB4-F9E062513979}.Debug|Any CPU.ActiveCfg = Debug|Any CPU
		{52F3950D-ECBD-4184-BFB4-F9E062513979}.Debug|Any CPU.Build.0 = Debug|Any CPU
		{52F3950D-ECBD-4184-BFB4-F9E062513979}.Release|Any CPU.ActiveCfg = Release|Any CPU
		{52F3950D-ECBD-4184-BFB4-F9E062513979}.Release|Any CPU.Build.0 = Release|Any CPU
	EndGlobalSection
	GlobalSection(SolutionProperties) = preSolution
		HideSolutionNode = FALSE
	EndGlobalSection
	GlobalSection(ExtensibilityGlobals) = postSolution
		SolutionGuid = {79C324E5-0DBF-4BD8-A4BB-AA3686B31BFE}
	EndGlobalSection
EndGlobal
