
Microsoft Visual Studio Solution File, Format Version 12.00
# Visual Studio Version 16
VisualStudioVersion = 16.0.32413.511
MinimumVisualStudioVersion = 10.0.40219.1
Project("{FAE04EC0-301F-11D3-BF4B-00C04F79EFBC}") = "Buscador", "Buscador.csproj", "{FC832F48-237A-4EA9-A661-9275AC2D715F}"
EndProject
Global
	GlobalSection(SolutionConfigurationPlatforms) = preSolution
		Debug|Any CPU = Debug|Any CPU
		Release|Any CPU = Release|Any CPU
	EndGlobalSection
	GlobalSection(ProjectConfigurationPlatforms) = postSolution
		{FC832F48-237A-4EA9-A661-9275AC2D715F}.Debug|Any CPU.ActiveCfg = Debug|Any CPU
		{FC832F48-237A-4EA9-A661-9275AC2D715F}.Debug|Any CPU.Build.0 = Debug|Any CPU
		{FC832F48-237A-4EA9-A661-9275AC2D715F}.Release|Any CPU.ActiveCfg = Release|Any CPU
		{FC832F48-237A-4EA9-A661-9275AC2D715F}.Release|Any CPU.Build.0 = Release|Any CPU
	EndGlobalSection
	GlobalSection(SolutionProperties) = preSolution
		HideSolutionNode = FALSE
	EndGlobalSection
	GlobalSection(ExtensibilityGlobals) = postSolution
		SolutionGuid = {79C324E5-0DBF-4BD8-A4BB-AA3686B31BFE}
	EndGlobalSection
EndGlobal
